
Microsoft Visual Studio Solution File, Format Version 12.00
# Visual Studio Version 16
VisualStudioVersion = 16.0.30114.105
MinimumVisualStudioVersion = 10.0.40219.1
Project("{FAE04EC0-301F-11D3-BF4B-00C04F79EFBC}") = "SeguridadCiudadana.Api", "SeguridadCiudadana.Api.csproj", "{0F535AA8-8A1E-4D04-B4B3-BBC99DD2B404}"
EndProject
Global
	GlobalSection(SolutionConfigurationPlatforms) = preSolution
		Debug|Any CPU = Debug|Any CPU
		Release|Any CPU = Release|Any CPU
	EndGlobalSection
	GlobalSection(ProjectConfigurationPlatforms) = postSolution
		{0F535AA8-8A1E-4D04-B4B3-BBC99DD2B404}.Debug|Any CPU.ActiveCfg = Debug|Any CPU
		{0F535AA8-8A1E-4D04-B4B3-BBC99DD2B404}.Debug|Any CPU.Build.0 = Debug|Any CPU
		{0F535AA8-8A1E-4D04-B4B3-BBC99DD2B404}.Release|Any CPU.ActiveCfg = Release|Any CPU
		{0F535AA8-8A1E-4D04-B4B3-BBC99DD2B404}.Release|Any CPU.Build.0 = Release|Any CPU
	EndGlobalSection
	GlobalSection(SolutionProperties) = preSolution
		HideSolutionNode = FALSE
	EndGlobalSection
	GlobalSection(ExtensibilityGlobals) = postSolution
		SolutionGuid = {15668E49-340D-4835-B516-D9177826D0F9}
	EndGlobalSection
EndGlobal
